
Microsoft Visual Studio Solution File, Format Version 12.00
# Visual Studio 2013
VisualStudioVersion = 12.0.30723.0
MinimumVisualStudioVersion = 10.0.40219.1
Project("{FAE04EC0-301F-11D3-BF4B-00C04F79EFBC}") = "SourceBrowser.Generator", "SourceBrowser.Generator\SourceBrowser.Generator.csproj", "{C91050BD-5010-4EBD-A6AE-52CCA7C2553D}"
EndProject
Project("{FAE04EC0-301F-11D3-BF4B-00C04F79EFBC}") = "SourceBrowser.Samples", "SourceBrowser.Samples\SourceBrowser.Samples.csproj", "{13934549-7DB7-424F-AA2C-D3C33684858B}"
EndProject
Project("{FAE04EC0-301F-11D3-BF4B-00C04F79EFBC}") = "SourceBrowser.Site", "SourceBrowser.Site\SourceBrowser.Site.csproj", "{0C4DCC9D-6CF2-4A8F-B947-8EC90C59AF09}"
EndProject
Global
	GlobalSection(SolutionConfigurationPlatforms) = preSolution
		Debug|Any CPU = Debug|Any CPU
		Release|Any CPU = Release|Any CPU
	EndGlobalSection
	GlobalSection(ProjectConfigurationPlatforms) = postSolution
		{C91050BD-5010-4EBD-A6AE-52CCA7C2553D}.Debug|Any CPU.ActiveCfg = Debug|Any CPU
		{C91050BD-5010-4EBD-A6AE-52CCA7C2553D}.Debug|Any CPU.Build.0 = Debug|Any CPU
		{C91050BD-5010-4EBD-A6AE-52CCA7C2553D}.Release|Any CPU.ActiveCfg = Release|Any CPU
		{C91050BD-5010-4EBD-A6AE-52CCA7C2553D}.Release|Any CPU.Build.0 = Release|Any CPU
		{13934549-7DB7-424F-AA2C-D3C33684858B}.Debug|Any CPU.ActiveCfg = Debug|Any CPU
		{13934549-7DB7-424F-AA2C-D3C33684858B}.Debug|Any CPU.Build.0 = Debug|Any CPU
		{13934549-7DB7-424F-AA2C-D3C33684858B}.Release|Any CPU.ActiveCfg = Release|Any CPU
		{13934549-7DB7-424F-AA2C-D3C33684858B}.Release|Any CPU.Build.0 = Release|Any CPU
		{0C4DCC9D-6CF2-4A8F-B947-8EC90C59AF09}.Debug|Any CPU.ActiveCfg = Debug|Any CPU
		{0C4DCC9D-6CF2-4A8F-B947-8EC90C59AF09}.Debug|Any CPU.Build.0 = Debug|Any CPU
		{0C4DCC9D-6CF2-4A8F-B947-8EC90C59AF09}.Release|Any CPU.ActiveCfg = Release|Any CPU
		{0C4DCC9D-6CF2-4A8F-B947-8EC90C59AF09}.Release|Any CPU.Build.0 = Release|Any CPU
	EndGlobalSection
	GlobalSection(SolutionProperties) = preSolution
		HideSolutionNode = FALSE
	EndGlobalSection
EndGlobal
