
Microsoft Visual Studio Solution File, Format Version 12.00
# Visual Studio 14
VisualStudioVersion = 14.0.22512.0
MinimumVisualStudioVersion = 10.0.40219.1
Project("{FAE04EC0-301F-11D3-BF4B-00C04F79EFBC}") = "SourceBrowser.Generator", "SourceBrowser.Generator\SourceBrowser.Generator.csproj", "{C91050BD-5010-4EBD-A6AE-52CCA7C2553D}"
EndProject
Project("{FAE04EC0-301F-11D3-BF4B-00C04F79EFBC}") = "SourceBrowser.Samples", "SourceBrowser.Samples\SourceBrowser.Samples.csproj", "{13934549-7DB7-424F-AA2C-D3C33684858B}"
EndProject
Project("{FAE04EC0-301F-11D3-BF4B-00C04F79EFBC}") = "SourceBrowser.Site", "SourceBrowser.Site\SourceBrowser.Site.csproj", "{0C4DCC9D-6CF2-4A8F-B947-8EC90C59AF09}"
EndProject
Project("{FAE04EC0-301F-11D3-BF4B-00C04F79EFBC}") = "SourceBrowser.SolutionRetriever", "SourceBrowser.SolutionRetriever\SourceBrowser.SolutionRetriever.csproj", "{F90B7983-D137-4C89-B668-A6082BE39303}"
EndProject
Project("{FAE04EC0-301F-11D3-BF4B-00C04F79EFBC}") = "SourceBrowser.Search", "SourceBrowser.Search\SourceBrowser.Search.csproj", "{6C2ED4C0-E609-47D8-AA05-1CACBE5252AC}"
EndProject
Project("{FAE04EC0-301F-11D3-BF4B-00C04F79EFBC}") = "SourceBrowser.Tests", "SourceBrowser.Tests\SourceBrowser.Tests.csproj", "{EA8F0B24-B238-4A04-9A54-8AB12BDB5E88}"
EndProject
Project("{2150E333-8FDC-42A3-9474-1A3956D46DE8}") = "SourceBrowser.SensitiveConfiguration", "SourceBrowser.SensitiveConfiguration", "{0611834D-D53C-4F23-83FF-5F2A66724767}"
	ProjectSection(SolutionItems) = preProject
		Security.config = Security.config
	EndProjectSection
EndProject
Global
	GlobalSection(SolutionConfigurationPlatforms) = preSolution
		Debug|Any CPU = Debug|Any CPU
		Release|Any CPU = Release|Any CPU
	EndGlobalSection
	GlobalSection(ProjectConfigurationPlatforms) = postSolution
		{C91050BD-5010-4EBD-A6AE-52CCA7C2553D}.Debug|Any CPU.ActiveCfg = Debug|Any CPU
		{C91050BD-5010-4EBD-A6AE-52CCA7C2553D}.Debug|Any CPU.Build.0 = Debug|Any CPU
		{C91050BD-5010-4EBD-A6AE-52CCA7C2553D}.Release|Any CPU.ActiveCfg = Release|Any CPU
		{C91050BD-5010-4EBD-A6AE-52CCA7C2553D}.Release|Any CPU.Build.0 = Release|Any CPU
		{13934549-7DB7-424F-AA2C-D3C33684858B}.Debug|Any CPU.ActiveCfg = Debug|Any CPU
		{13934549-7DB7-424F-AA2C-D3C33684858B}.Debug|Any CPU.Build.0 = Debug|Any CPU
		{13934549-7DB7-424F-AA2C-D3C33684858B}.Release|Any CPU.ActiveCfg = Release|Any CPU
		{13934549-7DB7-424F-AA2C-D3C33684858B}.Release|Any CPU.Build.0 = Release|Any CPU
		{0C4DCC9D-6CF2-4A8F-B947-8EC90C59AF09}.Debug|Any CPU.ActiveCfg = Debug|Any CPU
		{0C4DCC9D-6CF2-4A8F-B947-8EC90C59AF09}.Debug|Any CPU.Build.0 = Debug|Any CPU
		{0C4DCC9D-6CF2-4A8F-B947-8EC90C59AF09}.Release|Any CPU.ActiveCfg = Release|Any CPU
		{0C4DCC9D-6CF2-4A8F-B947-8EC90C59AF09}.Release|Any CPU.Build.0 = Release|Any CPU
		{F90B7983-D137-4C89-B668-A6082BE39303}.Debug|Any CPU.ActiveCfg = Debug|Any CPU
		{F90B7983-D137-4C89-B668-A6082BE39303}.Debug|Any CPU.Build.0 = Debug|Any CPU
		{F90B7983-D137-4C89-B668-A6082BE39303}.Release|Any CPU.ActiveCfg = Release|Any CPU
		{F90B7983-D137-4C89-B668-A6082BE39303}.Release|Any CPU.Build.0 = Release|Any CPU
		{6C2ED4C0-E609-47D8-AA05-1CACBE5252AC}.Debug|Any CPU.ActiveCfg = Debug|Any CPU
		{6C2ED4C0-E609-47D8-AA05-1CACBE5252AC}.Debug|Any CPU.Build.0 = Debug|Any CPU
		{6C2ED4C0-E609-47D8-AA05-1CACBE5252AC}.Release|Any CPU.ActiveCfg = Release|Any CPU
		{6C2ED4C0-E609-47D8-AA05-1CACBE5252AC}.Release|Any CPU.Build.0 = Release|Any CPU
		{EA8F0B24-B238-4A04-9A54-8AB12BDB5E88}.Debug|Any CPU.ActiveCfg = Debug|Any CPU
		{EA8F0B24-B238-4A04-9A54-8AB12BDB5E88}.Debug|Any CPU.Build.0 = Debug|Any CPU
		{EA8F0B24-B238-4A04-9A54-8AB12BDB5E88}.Release|Any CPU.ActiveCfg = Release|Any CPU
		{EA8F0B24-B238-4A04-9A54-8AB12BDB5E88}.Release|Any CPU.Build.0 = Release|Any CPU
	EndGlobalSection
	GlobalSection(SolutionProperties) = preSolution
		HideSolutionNode = FALSE
	EndGlobalSection
EndGlobal
